
Microsoft Visual Studio Solution File, Format Version 12.00
# Visual Studio Version 17
VisualStudioVersion = 17.3.32929.385
MinimumVisualStudioVersion = 10.0.40219.1
Project("{9A19103F-16F7-4668-BE54-9A1E7A4F7556}") = "PresentationLayer(UI)", "Presentation Layer (UI)\PresentationLayer(UI).csproj", "{B555BE06-C566-4AD6-BF2C-3555F47B5D78}"
EndProject
Project("{9A19103F-16F7-4668-BE54-9A1E7A4F7556}") = "BusinessLayer", "BusinessLayer\BusinessLayer.csproj", "{2C052530-F33C-4BF0-9B45-038B82277DB7}"
EndProject
Project("{9A19103F-16F7-4668-BE54-9A1E7A4F7556}") = "DataAccessLayer", "DataAccessLayer\DataAccessLayer.csproj", "{E57F2A1C-362D-4676-A16F-FF7F9B734038}"
EndProject
Project("{00D1A9C2-B5F0-4AF3-8072-F6C62B433612}") = "Database Project", "Database Project\Database Project.sqlproj", "{2484D9E0-A695-4E1F-9072-ECE30B911A87}"
EndProject
Global
	GlobalSection(SolutionConfigurationPlatforms) = preSolution
		Debug|Any CPU = Debug|Any CPU
		Release|Any CPU = Release|Any CPU
	EndGlobalSection
	GlobalSection(ProjectConfigurationPlatforms) = postSolution
		{B555BE06-C566-4AD6-BF2C-3555F47B5D78}.Debug|Any CPU.ActiveCfg = Debug|Any CPU
		{B555BE06-C566-4AD6-BF2C-3555F47B5D78}.Debug|Any CPU.Build.0 = Debug|Any CPU
		{B555BE06-C566-4AD6-BF2C-3555F47B5D78}.Release|Any CPU.ActiveCfg = Release|Any CPU
		{B555BE06-C566-4AD6-BF2C-3555F47B5D78}.Release|Any CPU.Build.0 = Release|Any CPU
		{2C052530-F33C-4BF0-9B45-038B82277DB7}.Debug|Any CPU.ActiveCfg = Debug|Any CPU
		{2C052530-F33C-4BF0-9B45-038B82277DB7}.Debug|Any CPU.Build.0 = Debug|Any CPU
		{2C052530-F33C-4BF0-9B45-038B82277DB7}.Release|Any CPU.ActiveCfg = Release|Any CPU
		{2C052530-F33C-4BF0-9B45-038B82277DB7}.Release|Any CPU.Build.0 = Release|Any CPU
		{E57F2A1C-362D-4676-A16F-FF7F9B734038}.Debug|Any CPU.ActiveCfg = Debug|Any CPU
		{E57F2A1C-362D-4676-A16F-FF7F9B734038}.Debug|Any CPU.Build.0 = Debug|Any CPU
		{E57F2A1C-362D-4676-A16F-FF7F9B734038}.Release|Any CPU.ActiveCfg = Release|Any CPU
		{E57F2A1C-362D-4676-A16F-FF7F9B734038}.Release|Any CPU.Build.0 = Release|Any CPU
		{2484D9E0-A695-4E1F-9072-ECE30B911A87}.Debug|Any CPU.ActiveCfg = Debug|Any CPU
		{2484D9E0-A695-4E1F-9072-ECE30B911A87}.Debug|Any CPU.Build.0 = Debug|Any CPU
		{2484D9E0-A695-4E1F-9072-ECE30B911A87}.Debug|Any CPU.Deploy.0 = Debug|Any CPU
		{2484D9E0-A695-4E1F-9072-ECE30B911A87}.Release|Any CPU.ActiveCfg = Release|Any CPU
		{2484D9E0-A695-4E1F-9072-ECE30B911A87}.Release|Any CPU.Build.0 = Release|Any CPU
		{2484D9E0-A695-4E1F-9072-ECE30B911A87}.Release|Any CPU.Deploy.0 = Release|Any CPU
	EndGlobalSection
	GlobalSection(SolutionProperties) = preSolution
		HideSolutionNode = FALSE
	EndGlobalSection
	GlobalSection(ExtensibilityGlobals) = postSolution
		SolutionGuid = {5B34BD6F-16BA-4E01-8967-3B40BEDE76E1}
	EndGlobalSection
EndGlobal
